
Microsoft Visual Studio Solution File, Format Version 12.00
# Visual Studio 15
VisualStudioVersion = 15.0.27428.2002
MinimumVisualStudioVersion = 10.0.40219.1
Project("{FAE04EC0-301F-11D3-BF4B-00C04F79EFBC}") = "Customers", "Customers\Customers.csproj", "{AF72A633-2AD9-4B27-8F36-1FEFB37DAEFE}"
EndProject
Global
	GlobalSection(SolutionConfigurationPlatforms) = preSolution
		Debug|Any CPU = Debug|Any CPU
		Release|Any CPU = Release|Any CPU
	EndGlobalSection
	GlobalSection(ProjectConfigurationPlatforms) = postSolution
		{AF72A633-2AD9-4B27-8F36-1FEFB37DAEFE}.Debug|Any CPU.ActiveCfg = Debug|Any CPU
		{AF72A633-2AD9-4B27-8F36-1FEFB37DAEFE}.Debug|Any CPU.Build.0 = Debug|Any CPU
		{AF72A633-2AD9-4B27-8F36-1FEFB37DAEFE}.Release|Any CPU.ActiveCfg = Release|Any CPU
		{AF72A633-2AD9-4B27-8F36-1FEFB37DAEFE}.Release|Any CPU.Build.0 = Release|Any CPU
	EndGlobalSection
	GlobalSection(SolutionProperties) = preSolution
		HideSolutionNode = FALSE
	EndGlobalSection
	GlobalSection(ExtensibilityGlobals) = postSolution
		SolutionGuid = {54B7DF03-F56B-48F0-B414-F5FDD5D83A3D}
	EndGlobalSection
EndGlobal
